
Microsoft Visual Studio Solution File, Format Version 12.00
# Visual Studio Version 16
VisualStudioVersion = 16.0.29009.5
MinimumVisualStudioVersion = 10.0.40219.1
Project("{FAE04EC0-301F-11D3-BF4B-00C04F79EFBC}") = "ThreadDemo", "ThreadDemo\ThreadDemo.csproj", "{EE877F66-A908-4696-A23C-673D6E96B9CE}"
EndProject
Project("{FAE04EC0-301F-11D3-BF4B-00C04F79EFBC}") = "Processes", "Process\Processes.csproj", "{2CD2E155-F887-4574-8210-51D25ABA624D}"
EndProject
Project("{FAE04EC0-301F-11D3-BF4B-00C04F79EFBC}") = "D04_NewApp", "D04_NewApp\D04_NewApp.csproj", "{39F67871-2298-4FB3-93CD-8C144791408A}"
EndProject
Project("{FAE04EC0-301F-11D3-BF4B-00C04F79EFBC}") = "D05", "D05\D05.csproj", "{51249CE7-0CFD-4F78-9CF5-DF7F547077EB}"
EndProject
Project("{FAE04EC0-301F-11D3-BF4B-00C04F79EFBC}") = "TaskDemo", "TaskDemo\TaskDemo.csproj", "{8298D297-A62E-4E45-B584-0321A255AB4F}"
EndProject
Project("{FAE04EC0-301F-11D3-BF4B-00C04F79EFBC}") = "Linq", "Linq\Linq.csproj", "{B7295FF5-F0A0-4162-BFF1-CED9A273CEA3}"
EndProject
Global
	GlobalSection(SolutionConfigurationPlatforms) = preSolution
		Debug|Any CPU = Debug|Any CPU
		Release|Any CPU = Release|Any CPU
	EndGlobalSection
	GlobalSection(ProjectConfigurationPlatforms) = postSolution
		{EE877F66-A908-4696-A23C-673D6E96B9CE}.Debug|Any CPU.ActiveCfg = Debug|Any CPU
		{EE877F66-A908-4696-A23C-673D6E96B9CE}.Debug|Any CPU.Build.0 = Debug|Any CPU
		{EE877F66-A908-4696-A23C-673D6E96B9CE}.Release|Any CPU.ActiveCfg = Release|Any CPU
		{EE877F66-A908-4696-A23C-673D6E96B9CE}.Release|Any CPU.Build.0 = Release|Any CPU
		{2CD2E155-F887-4574-8210-51D25ABA624D}.Debug|Any CPU.ActiveCfg = Debug|Any CPU
		{2CD2E155-F887-4574-8210-51D25ABA624D}.Debug|Any CPU.Build.0 = Debug|Any CPU
		{2CD2E155-F887-4574-8210-51D25ABA624D}.Release|Any CPU.ActiveCfg = Release|Any CPU
		{2CD2E155-F887-4574-8210-51D25ABA624D}.Release|Any CPU.Build.0 = Release|Any CPU
		{39F67871-2298-4FB3-93CD-8C144791408A}.Debug|Any CPU.ActiveCfg = Debug|Any CPU
		{39F67871-2298-4FB3-93CD-8C144791408A}.Debug|Any CPU.Build.0 = Debug|Any CPU
		{39F67871-2298-4FB3-93CD-8C144791408A}.Release|Any CPU.ActiveCfg = Release|Any CPU
		{39F67871-2298-4FB3-93CD-8C144791408A}.Release|Any CPU.Build.0 = Release|Any CPU
		{51249CE7-0CFD-4F78-9CF5-DF7F547077EB}.Debug|Any CPU.ActiveCfg = Debug|Any CPU
		{51249CE7-0CFD-4F78-9CF5-DF7F547077EB}.Debug|Any CPU.Build.0 = Debug|Any CPU
		{51249CE7-0CFD-4F78-9CF5-DF7F547077EB}.Release|Any CPU.ActiveCfg = Release|Any CPU
		{51249CE7-0CFD-4F78-9CF5-DF7F547077EB}.Release|Any CPU.Build.0 = Release|Any CPU
		{8298D297-A62E-4E45-B584-0321A255AB4F}.Debug|Any CPU.ActiveCfg = Debug|Any CPU
		{8298D297-A62E-4E45-B584-0321A255AB4F}.Debug|Any CPU.Build.0 = Debug|Any CPU
		{8298D297-A62E-4E45-B584-0321A255AB4F}.Release|Any CPU.ActiveCfg = Release|Any CPU
		{8298D297-A62E-4E45-B584-0321A255AB4F}.Release|Any CPU.Build.0 = Release|Any CPU
		{B7295FF5-F0A0-4162-BFF1-CED9A273CEA3}.Debug|Any CPU.ActiveCfg = Debug|Any CPU
		{B7295FF5-F0A0-4162-BFF1-CED9A273CEA3}.Debug|Any CPU.Build.0 = Debug|Any CPU
		{B7295FF5-F0A0-4162-BFF1-CED9A273CEA3}.Release|Any CPU.ActiveCfg = Release|Any CPU
		{B7295FF5-F0A0-4162-BFF1-CED9A273CEA3}.Release|Any CPU.Build.0 = Release|Any CPU
	EndGlobalSection
	GlobalSection(SolutionProperties) = preSolution
		HideSolutionNode = FALSE
	EndGlobalSection
	GlobalSection(ExtensibilityGlobals) = postSolution
		SolutionGuid = {B3299FC5-BD3D-497D-B2AA-562FAA5E9A85}
	EndGlobalSection
EndGlobal
