
Microsoft Visual Studio Solution File, Format Version 12.00
# Visual Studio Version 16
VisualStudioVersion = 16.0.29009.5
MinimumVisualStudioVersion = 10.0.40219.1
Project("{FAE04EC0-301F-11D3-BF4B-00C04F79EFBC}") = "ThreadDemo", "ThreadDemo\ThreadDemo.csproj", "{EE877F66-A908-4696-A23C-673D6E96B9CE}"
EndProject
Project("{FAE04EC0-301F-11D3-BF4B-00C04F79EFBC}") = "Processes", "Process\Processes.csproj", "{2CD2E155-F887-4574-8210-51D25ABA624D}"
EndProject
Project("{FAE04EC0-301F-11D3-BF4B-00C04F79EFBC}") = "D04_NewApp", "D04_NewApp\D04_NewApp.csproj", "{39F67871-2298-4FB3-93CD-8C144791408A}"
EndProject
Project("{FAE04EC0-301F-11D3-BF4B-00C04F79EFBC}") = "D05", "D05\D05.csproj", "{51249CE7-0CFD-4F78-9CF5-DF7F547077EB}"
EndProject
Project("{FAE04EC0-301F-11D3-BF4B-00C04F79EFBC}") = "TaskDemo", "TaskDemo\TaskDemo.csproj", "{8298D297-A62E-4E45-B584-0321A255AB4F}"
EndProject
Project("{FAE04EC0-301F-11D3-BF4B-00C04F79EFBC}") = "Linq", "Linq\Linq.csproj", "{B7295FF5-F0A0-4162-BFF1-CED9A273CEA3}"
EndProject
Project("{FAE04EC0-301F-11D3-BF4B-00C04F79EFBC}") = "IEnumberable", "IEnumberable\IEnumberable.csproj", "{61582D39-4D24-427F-AE68-C625DECDC367}"
EndProject
Project("{FAE04EC0-301F-11D3-BF4B-00C04F79EFBC}") = "LinkPractice", "LinkPractice\LinkPractice.csproj", "{4C12E7BB-76D1-4E8C-8614-A7914852834D}"
EndProject
Project("{FAE04EC0-301F-11D3-BF4B-00C04F79EFBC}") = "EFLearn", "EFLearn\EFLearn.csproj", "{FCCB94F6-E68B-46CA-9FD6-3E2D4F986FCC}"
EndProject
Project("{2150E333-8FDC-42A3-9474-1A3956D46DE8}") = "EF分层", "EF分层", "{CF311A96-175E-4DCF-BCAF-6E8F83B3F188}"
EndProject
Project("{FAE04EC0-301F-11D3-BF4B-00C04F79EFBC}") = "BLL", "BLL\BLL.csproj", "{DF780902-AAA6-4267-801E-2EC713C920C2}"
EndProject
Project("{FAE04EC0-301F-11D3-BF4B-00C04F79EFBC}") = "DAL", "DAL\DAL.csproj", "{CEFD563D-E32D-4C41-9CEB-336CF42936D9}"
EndProject
Project("{FAE04EC0-301F-11D3-BF4B-00C04F79EFBC}") = "Models", "Models\Models.csproj", "{E8DB066D-63B0-45A8-ADBF-5FF6BB1E44DB}"
EndProject
Project("{FAE04EC0-301F-11D3-BF4B-00C04F79EFBC}") = "UI", "UI\UI.csproj", "{EC734FC3-6328-417D-92D4-104CAD19F2E7}"
EndProject
Global
	GlobalSection(SolutionConfigurationPlatforms) = preSolution
		Debug|Any CPU = Debug|Any CPU
		Release|Any CPU = Release|Any CPU
	EndGlobalSection
	GlobalSection(ProjectConfigurationPlatforms) = postSolution
		{EE877F66-A908-4696-A23C-673D6E96B9CE}.Debug|Any CPU.ActiveCfg = Debug|Any CPU
		{EE877F66-A908-4696-A23C-673D6E96B9CE}.Debug|Any CPU.Build.0 = Debug|Any CPU
		{EE877F66-A908-4696-A23C-673D6E96B9CE}.Release|Any CPU.ActiveCfg = Release|Any CPU
		{EE877F66-A908-4696-A23C-673D6E96B9CE}.Release|Any CPU.Build.0 = Release|Any CPU
		{2CD2E155-F887-4574-8210-51D25ABA624D}.Debug|Any CPU.ActiveCfg = Debug|Any CPU
		{2CD2E155-F887-4574-8210-51D25ABA624D}.Debug|Any CPU.Build.0 = Debug|Any CPU
		{2CD2E155-F887-4574-8210-51D25ABA624D}.Release|Any CPU.ActiveCfg = Release|Any CPU
		{2CD2E155-F887-4574-8210-51D25ABA624D}.Release|Any CPU.Build.0 = Release|Any CPU
		{39F67871-2298-4FB3-93CD-8C144791408A}.Debug|Any CPU.ActiveCfg = Debug|Any CPU
		{39F67871-2298-4FB3-93CD-8C144791408A}.Debug|Any CPU.Build.0 = Debug|Any CPU
		{39F67871-2298-4FB3-93CD-8C144791408A}.Release|Any CPU.ActiveCfg = Release|Any CPU
		{39F67871-2298-4FB3-93CD-8C144791408A}.Release|Any CPU.Build.0 = Release|Any CPU
		{51249CE7-0CFD-4F78-9CF5-DF7F547077EB}.Debug|Any CPU.ActiveCfg = Debug|Any CPU
		{51249CE7-0CFD-4F78-9CF5-DF7F547077EB}.Debug|Any CPU.Build.0 = Debug|Any CPU
		{51249CE7-0CFD-4F78-9CF5-DF7F547077EB}.Release|Any CPU.ActiveCfg = Release|Any CPU
		{51249CE7-0CFD-4F78-9CF5-DF7F547077EB}.Release|Any CPU.Build.0 = Release|Any CPU
		{8298D297-A62E-4E45-B584-0321A255AB4F}.Debug|Any CPU.ActiveCfg = Debug|Any CPU
		{8298D297-A62E-4E45-B584-0321A255AB4F}.Debug|Any CPU.Build.0 = Debug|Any CPU
		{8298D297-A62E-4E45-B584-0321A255AB4F}.Release|Any CPU.ActiveCfg = Release|Any CPU
		{8298D297-A62E-4E45-B584-0321A255AB4F}.Release|Any CPU.Build.0 = Release|Any CPU
		{B7295FF5-F0A0-4162-BFF1-CED9A273CEA3}.Debug|Any CPU.ActiveCfg = Debug|Any CPU
		{B7295FF5-F0A0-4162-BFF1-CED9A273CEA3}.Debug|Any CPU.Build.0 = Debug|Any CPU
		{B7295FF5-F0A0-4162-BFF1-CED9A273CEA3}.Release|Any CPU.ActiveCfg = Release|Any CPU
		{B7295FF5-F0A0-4162-BFF1-CED9A273CEA3}.Release|Any CPU.Build.0 = Release|Any CPU
		{61582D39-4D24-427F-AE68-C625DECDC367}.Debug|Any CPU.ActiveCfg = Debug|Any CPU
		{61582D39-4D24-427F-AE68-C625DECDC367}.Debug|Any CPU.Build.0 = Debug|Any CPU
		{61582D39-4D24-427F-AE68-C625DECDC367}.Release|Any CPU.ActiveCfg = Release|Any CPU
		{61582D39-4D24-427F-AE68-C625DECDC367}.Release|Any CPU.Build.0 = Release|Any CPU
		{4C12E7BB-76D1-4E8C-8614-A7914852834D}.Debug|Any CPU.ActiveCfg = Debug|Any CPU
		{4C12E7BB-76D1-4E8C-8614-A7914852834D}.Debug|Any CPU.Build.0 = Debug|Any CPU
		{4C12E7BB-76D1-4E8C-8614-A7914852834D}.Release|Any CPU.ActiveCfg = Release|Any CPU
		{4C12E7BB-76D1-4E8C-8614-A7914852834D}.Release|Any CPU.Build.0 = Release|Any CPU
		{FCCB94F6-E68B-46CA-9FD6-3E2D4F986FCC}.Debug|Any CPU.ActiveCfg = Debug|Any CPU
		{FCCB94F6-E68B-46CA-9FD6-3E2D4F986FCC}.Debug|Any CPU.Build.0 = Debug|Any CPU
		{FCCB94F6-E68B-46CA-9FD6-3E2D4F986FCC}.Release|Any CPU.ActiveCfg = Release|Any CPU
		{FCCB94F6-E68B-46CA-9FD6-3E2D4F986FCC}.Release|Any CPU.Build.0 = Release|Any CPU
		{DF780902-AAA6-4267-801E-2EC713C920C2}.Debug|Any CPU.ActiveCfg = Debug|Any CPU
		{DF780902-AAA6-4267-801E-2EC713C920C2}.Debug|Any CPU.Build.0 = Debug|Any CPU
		{DF780902-AAA6-4267-801E-2EC713C920C2}.Release|Any CPU.ActiveCfg = Release|Any CPU
		{DF780902-AAA6-4267-801E-2EC713C920C2}.Release|Any CPU.Build.0 = Release|Any CPU
		{CEFD563D-E32D-4C41-9CEB-336CF42936D9}.Debug|Any CPU.ActiveCfg = Debug|Any CPU
		{CEFD563D-E32D-4C41-9CEB-336CF42936D9}.Debug|Any CPU.Build.0 = Debug|Any CPU
		{CEFD563D-E32D-4C41-9CEB-336CF42936D9}.Release|Any CPU.ActiveCfg = Release|Any CPU
		{CEFD563D-E32D-4C41-9CEB-336CF42936D9}.Release|Any CPU.Build.0 = Release|Any CPU
		{E8DB066D-63B0-45A8-ADBF-5FF6BB1E44DB}.Debug|Any CPU.ActiveCfg = Debug|Any CPU
		{E8DB066D-63B0-45A8-ADBF-5FF6BB1E44DB}.Debug|Any CPU.Build.0 = Debug|Any CPU
		{E8DB066D-63B0-45A8-ADBF-5FF6BB1E44DB}.Release|Any CPU.ActiveCfg = Release|Any CPU
		{E8DB066D-63B0-45A8-ADBF-5FF6BB1E44DB}.Release|Any CPU.Build.0 = Release|Any CPU
		{EC734FC3-6328-417D-92D4-104CAD19F2E7}.Debug|Any CPU.ActiveCfg = Debug|Any CPU
		{EC734FC3-6328-417D-92D4-104CAD19F2E7}.Debug|Any CPU.Build.0 = Debug|Any CPU
		{EC734FC3-6328-417D-92D4-104CAD19F2E7}.Release|Any CPU.ActiveCfg = Release|Any CPU
		{EC734FC3-6328-417D-92D4-104CAD19F2E7}.Release|Any CPU.Build.0 = Release|Any CPU
	EndGlobalSection
	GlobalSection(SolutionProperties) = preSolution
		HideSolutionNode = FALSE
	EndGlobalSection
	GlobalSection(NestedProjects) = preSolution
		{DF780902-AAA6-4267-801E-2EC713C920C2} = {CF311A96-175E-4DCF-BCAF-6E8F83B3F188}
		{CEFD563D-E32D-4C41-9CEB-336CF42936D9} = {CF311A96-175E-4DCF-BCAF-6E8F83B3F188}
		{E8DB066D-63B0-45A8-ADBF-5FF6BB1E44DB} = {CF311A96-175E-4DCF-BCAF-6E8F83B3F188}
		{EC734FC3-6328-417D-92D4-104CAD19F2E7} = {CF311A96-175E-4DCF-BCAF-6E8F83B3F188}
	EndGlobalSection
	GlobalSection(ExtensibilityGlobals) = postSolution
		SolutionGuid = {B3299FC5-BD3D-497D-B2AA-562FAA5E9A85}
	EndGlobalSection
EndGlobal
